
Microsoft Visual Studio Solution File, Format Version 12.00
# Visual Studio Version 16
VisualStudioVersion = 16.0.30204.135
MinimumVisualStudioVersion = 10.0.40219.1
Project("{FAE04EC0-301F-11D3-BF4B-00C04F79EFBC}") = "OsuDbApi", "OsuDbApi\OsuDbApi.csproj", "{D879D74C-AD21-4EB2-9B68-29F643AB394C}"
EndProject
Project("{FAE04EC0-301F-11D3-BF4B-00C04F79EFBC}") = "OsuDbApi-TEST", "OsuDbApi-TEST\OsuDbApi-TEST.csproj", "{10764077-EBBA-46F4-AD91-150339865127}"
EndProject
Project("{FAE04EC0-301F-11D3-BF4B-00C04F79EFBC}") = "OsuCollectionsEditor", "OsuCollectionsEditor\OsuCollectionsEditor.csproj", "{4A5A655C-464C-4CCA-85E3-0AEF5D697F28}"
EndProject
Project("{FAE04EC0-301F-11D3-BF4B-00C04F79EFBC}") = "Editor", "Editor\Editor.csproj", "{4F4D19CA-A1BE-440B-AD8E-F0347E8D85D7}"
EndProject
Global
	GlobalSection(SolutionConfigurationPlatforms) = preSolution
		Debug|Any CPU = Debug|Any CPU
		Release|Any CPU = Release|Any CPU
	EndGlobalSection
	GlobalSection(ProjectConfigurationPlatforms) = postSolution
		{D879D74C-AD21-4EB2-9B68-29F643AB394C}.Debug|Any CPU.ActiveCfg = Debug|Any CPU
		{D879D74C-AD21-4EB2-9B68-29F643AB394C}.Debug|Any CPU.Build.0 = Debug|Any CPU
		{D879D74C-AD21-4EB2-9B68-29F643AB394C}.Release|Any CPU.ActiveCfg = Release|Any CPU
		{D879D74C-AD21-4EB2-9B68-29F643AB394C}.Release|Any CPU.Build.0 = Release|Any CPU
		{10764077-EBBA-46F4-AD91-150339865127}.Debug|Any CPU.ActiveCfg = Debug|Any CPU
		{10764077-EBBA-46F4-AD91-150339865127}.Debug|Any CPU.Build.0 = Debug|Any CPU
		{10764077-EBBA-46F4-AD91-150339865127}.Release|Any CPU.ActiveCfg = Release|Any CPU
		{10764077-EBBA-46F4-AD91-150339865127}.Release|Any CPU.Build.0 = Release|Any CPU
		{4A5A655C-464C-4CCA-85E3-0AEF5D697F28}.Debug|Any CPU.ActiveCfg = Debug|Any CPU
		{4A5A655C-464C-4CCA-85E3-0AEF5D697F28}.Debug|Any CPU.Build.0 = Debug|Any CPU
		{4A5A655C-464C-4CCA-85E3-0AEF5D697F28}.Release|Any CPU.ActiveCfg = Release|Any CPU
		{4A5A655C-464C-4CCA-85E3-0AEF5D697F28}.Release|Any CPU.Build.0 = Release|Any CPU
		{4F4D19CA-A1BE-440B-AD8E-F0347E8D85D7}.Debug|Any CPU.ActiveCfg = Debug|Any CPU
		{4F4D19CA-A1BE-440B-AD8E-F0347E8D85D7}.Debug|Any CPU.Build.0 = Debug|Any CPU
		{4F4D19CA-A1BE-440B-AD8E-F0347E8D85D7}.Release|Any CPU.ActiveCfg = Release|Any CPU
		{4F4D19CA-A1BE-440B-AD8E-F0347E8D85D7}.Release|Any CPU.Build.0 = Release|Any CPU
	EndGlobalSection
	GlobalSection(SolutionProperties) = preSolution
		HideSolutionNode = FALSE
	EndGlobalSection
	GlobalSection(ExtensibilityGlobals) = postSolution
		SolutionGuid = {86CC4C2D-1C32-4A62-9980-C248823BF19A}
	EndGlobalSection
EndGlobal
